
Microsoft Visual Studio Solution File, Format Version 12.00
# Visual Studio Version 17
VisualStudioVersion = 17.4.33110.190
MinimumVisualStudioVersion = 10.0.40219.1
Project("{FAE04EC0-301F-11D3-BF4B-00C04F79EFBC}") = "PartsSearcher", "PartsSearcher\PartsSearcher.csproj", "{40C62D86-7473-4860-8267-01B016CFED33}"
EndProject
Global
	GlobalSection(SolutionConfigurationPlatforms) = preSolution
		Debug|Any CPU = Debug|Any CPU
		Release|Any CPU = Release|Any CPU
	EndGlobalSection
	GlobalSection(ProjectConfigurationPlatforms) = postSolution
		{40C62D86-7473-4860-8267-01B016CFED33}.Debug|Any CPU.ActiveCfg = Debug|Any CPU
		{40C62D86-7473-4860-8267-01B016CFED33}.Debug|Any CPU.Build.0 = Debug|Any CPU
		{40C62D86-7473-4860-8267-01B016CFED33}.Release|Any CPU.ActiveCfg = Release|Any CPU
		{40C62D86-7473-4860-8267-01B016CFED33}.Release|Any CPU.Build.0 = Release|Any CPU
	EndGlobalSection
	GlobalSection(SolutionProperties) = preSolution
		HideSolutionNode = FALSE
	EndGlobalSection
	GlobalSection(ExtensibilityGlobals) = postSolution
		SolutionGuid = {1CEFF1A0-FE8B-4CF0-9DA1-77C77D46E559}
	EndGlobalSection
EndGlobal
